
Microsoft Visual Studio Solution File, Format Version 12.00
# Visual Studio Version 16
VisualStudioVersion = 16.0.31410.357
MinimumVisualStudioVersion = 10.0.40219.1
Project("{FAE04EC0-301F-11D3-BF4B-00C04F79EFBC}") = "CommonToolLibary", "CommonToolLibary\CommonToolLibary.csproj", "{ED8A722C-AE4D-42AF-8DC2-E9033D22A3E7}"
EndProject
Project("{FAE04EC0-301F-11D3-BF4B-00C04F79EFBC}") = "ToolLibary", "ToolLibary\ToolLibary.csproj", "{D0110852-C06A-40AE-A715-AE4318669285}"
EndProject
Global
	GlobalSection(SolutionConfigurationPlatforms) = preSolution
		Debug|Any CPU = Debug|Any CPU
		Release|Any CPU = Release|Any CPU
	EndGlobalSection
	GlobalSection(ProjectConfigurationPlatforms) = postSolution
		{ED8A722C-AE4D-42AF-8DC2-E9033D22A3E7}.Debug|Any CPU.ActiveCfg = Debug|Any CPU
		{ED8A722C-AE4D-42AF-8DC2-E9033D22A3E7}.Debug|Any CPU.Build.0 = Debug|Any CPU
		{ED8A722C-AE4D-42AF-8DC2-E9033D22A3E7}.Release|Any CPU.ActiveCfg = Release|Any CPU
		{ED8A722C-AE4D-42AF-8DC2-E9033D22A3E7}.Release|Any CPU.Build.0 = Release|Any CPU
		{D0110852-C06A-40AE-A715-AE4318669285}.Debug|Any CPU.ActiveCfg = Debug|Any CPU
		{D0110852-C06A-40AE-A715-AE4318669285}.Debug|Any CPU.Build.0 = Debug|Any CPU
		{D0110852-C06A-40AE-A715-AE4318669285}.Release|Any CPU.ActiveCfg = Release|Any CPU
		{D0110852-C06A-40AE-A715-AE4318669285}.Release|Any CPU.Build.0 = Release|Any CPU
	EndGlobalSection
	GlobalSection(SolutionProperties) = preSolution
		HideSolutionNode = FALSE
	EndGlobalSection
	GlobalSection(ExtensibilityGlobals) = postSolution
		SolutionGuid = {541A0970-C42F-4451-86D2-03B0CD20534F}
	EndGlobalSection
EndGlobal
